// !$*UTF8*$!
{
	archiveVersion = 1;
	classes = {
	};
	objectVersion = 46;
	objects = {

/* Begin PBXBuildFile section */
		48E43F0C1C0CB58700698574 /* AppDelegate.m in Sources */ = {isa = PBXBuildFile; fileRef = 48E43F0B1C0CB58700698574 /* AppDelegate.m */; };
		48E43F0F1C0CB58700698574 /* main.m in Sources */ = {isa = PBXBuildFile; fileRef = 48E43F0E1C0CB58700698574 /* main.m */; };
		48E43F111C0CB58700698574 /* Assets.xcassets in Resources */ = {isa = PBXBuildFile; fileRef = 48E43F101C0CB58700698574 /* Assets.xcassets */; };
		48E43F141C0CB58700698574 /* MainMenu.xib in Resources */ = {isa = PBXBuildFile; fileRef = 48E43F121C0CB58700698574 /* MainMenu.xib */; };
/* End PBXBuildFile section */

/* Begin PBXFileReference section */
		48E43F071C0CB58700698574 /* El-Cap-Drawing.app */ = {isa = PBXFileReference; explicitFileType = wrapper.application; includeInIndex = 0; path = "El-Cap-Drawing.app"; sourceTree = BUILT_PRODUCTS_DIR; };
		48E43F0A1C0CB58700698574 /* AppDelegate.h */ = {isa = PBXFileReference; lastKnownFileType = sourcecode.c.h; path = AppDelegate.h; sourceTree = "<group>"; };
		48E43F0B1C0CB58700698574 /* AppDelegate.m */ = {isa = PBXFileReference; lastKnownFileType = sourcecode.c.objc; path = AppDelegate.m; sourceTree = "<group>"; };
		48E43F0E1C0CB58700698574 /* main.m */ = {isa = PBXFileReference; lastKnownFileType = sourcecode.c.objc; path = main.m; sourceTree = "<group>"; };
		48E43F101C0CB58700698574 /* Assets.xcassets */ = {isa = PBXFileReference; lastKnownFileType = folder.assetcatalog; path = Assets.xcassets; sourceTree = "<group>"; };
		48E43F131C0CB58700698574 /* Base */ = {isa = PBXFileReference; lastKnownFileType = file.xib; name = Base; path = Base.lproj/MainMenu.xib; sourceTree = "<group>"; };
		48E43F151C0CB58700698574 /* Info.plist */ = {isa = PBXFileReference; lastKnownFileType = text.plist.xml; path = Info.plist; sourceTree = "<group>"; };
/* End PBXFileReference section */

/* Begin PBXFrameworksBuildPhase section */
		48E43F041C0CB58700698574 /* Frameworks */ = {
			isa = PBXFrameworksBuildPhase;
			buildActionMask = 2147483647;
			files = (
			);
			runOnlyForDeploymentPostprocessing = 0;
		};
/* End PBXFrameworksBuildPhase section */

/* Begin PBXGroup section */
		48E43EFE1C0CB58700698574 = {
			isa = PBXGroup;
			children = (
				48E43F091C0CB58700698574 /* El-Cap-Drawing */,
				48E43F081C0CB58700698574 /* Products */,
			);
			sourceTree = "<group>";
		};
		48E43F081C0CB58700698574 /* Products */ = {
			isa = PBXGroup;
			children = (
				48E43F071C0CB58700698574 /* El-Cap-Drawing.app */,
			);
			name = Products;
			sourceTree = "<group>";
		};
		48E43F091C0CB58700698574 /* El-Cap-Drawing */ = {
			isa = PBXGroup;
			children = (
				48E43F0A1C0CB58700698574 /* AppDelegate.h */,
				48E43F0B1C0CB58700698574 /* AppDelegate.m */,
				48E43F101C0CB58700698574 /* Assets.xcassets */,
				48E43F121C0CB58700698574 /* MainMenu.xib */,
				48E43F151C0CB58700698574 /* Info.plist */,
				48E43F0D1C0CB58700698574 /* Supporting Files */,
			);
			path = "El-Cap-Drawing";
			sourceTree = "<group>";
		};
		48E43F0D1C0CB58700698574 /* Supporting Files */ = {
			isa = PBXGroup;
			children = (
				48E43F0E1C0CB58700698574 /* main.m */,
			);
			name = "Supporting Files";
			sourceTree = "<group>";
		};
/* End PBXGroup section */

/* Begin PBXNativeTarget section */
		48E43F061C0CB58700698574 /* El-Cap-Drawing */ = {
			isa = PBXNativeTarget;
			buildConfigurationList = 48E43F181C0CB58700698574 /* Build configuration list for PBXNativeTarget "El-Cap-Drawing" */;
			buildPhases = (
				48E43F031C0CB58700698574 /* Sources */,
				48E43F041C0CB58700698574 /* Frameworks */,
				48E43F051C0CB58700698574 /* Resources */,
			);
			buildRules = (
			);
			dependencies = (
			);
			name = "El-Cap-Drawing";
			productName = "El-Cap-Drawing";
			productReference = 48E43F071C0CB58700698574 /* El-Cap-Drawing.app */;
			productType = "com.apple.product-type.application";
		};
/* End PBXNativeTarget section */

/* Begin PBXProject section */
		48E43EFF1C0CB58700698574 /* Project object */ = {
			isa = PBXProject;
			attributes = {
				LastUpgradeCheck = 0710;
				ORGANIZATIONNAME = Jerry;
				TargetAttributes = {
					48E43F061C0CB58700698574 = {
						CreatedOnToolsVersion = 7.1.1;
					};
				};
			};
			buildConfigurationList = 48E43F021C0CB58700698574 /* Build configuration list for PBXProject "El-Cap-Drawing" */;
			compatibilityVersion = "Xcode 3.2";
			developmentRegion = English;
			hasScannedForEncodings = 0;
			knownRegions = (
				en,
				Base,
			);
			mainGroup = 48E43EFE1C0CB58700698574;
			productRefGroup = 48E43F081C0CB58700698574 /* Products */;
			projectDirPath = "";
			projectRoot = "";
			targets = (
				48E43F061C0CB58700698574 /* El-Cap-Drawing */,
			);
		};
/* End PBXProject section */

/* Begin PBXResourcesBuildPhase section */
		48E43F051C0CB58700698574 /* Resources */ = {
			isa = PBXResourcesBuildPhase;
			buildActionMask = 2147483647;
			files = (
				48E43F111C0CB58700698574 /* Assets.xcassets in Resources */,
				48E43F141C0CB58700698574 /* MainMenu.xib in Resources */,
			);
			runOnlyForDeploymentPostprocessing = 0;
		};
/* End PBXResourcesBuildPhase section */

/* Begin PBXSourcesBuildPhase section */
		48E43F031C0CB58700698574 /* Sources */ = {
			isa = PBXSourcesBuildPhase;
			buildActionMask = 2147483647;
			files = (
				48E43F0F1C0CB58700698574 /* main.m in Sources */,
				48E43F0C1C0CB58700698574 /* AppDelegate.m in Sources */,
			);
			runOnlyForDeploymentPostprocessing = 0;
		};
/* End PBXSourcesBuildPhase section */

/* Begin PBXVariantGroup section */
		48E43F121C0CB58700698574 /* MainMenu.xib */ = {
			isa = PBXVariantGroup;
			children = (
				48E43F131C0CB58700698574 /* Base */,
			);
			name = MainMenu.xib;
			sourceTree = "<group>";
		};
/* End PBXVariantGroup section */

/* Begin XCBuildConfiguration section */
		48E43F161C0CB58700698574 /* Debug */ = {
			isa = XCBuildConfiguration;
			buildSettings = {
				ALWAYS_SEARCH_USER_PATHS = NO;
				CLANG_CXX_LANGUAGE_STANDARD = "gnu++0x";
				CLANG_CXX_LIBRARY = "libc++";
				CLANG_ENABLE_MODULES = YES;
				CLANG_ENABLE_OBJC_ARC = YES;
				CLANG_WARN_BOOL_CONVERSION = YES;
				CLANG_WARN_CONSTANT_CONVERSION = YES;
				CLANG_WARN_DIRECT_OBJC_ISA_USAGE = YES_ERROR;
				CLANG_WARN_EMPTY_BODY = YES;
				CLANG_WARN_ENUM_CONVERSION = YES;
				CLANG_WARN_INT_CONVERSION = YES;
				CLANG_WARN_OBJC_ROOT_CLASS = YES_ERROR;
				CLANG_WARN_UNREACHABLE_CODE = YES;
				CLANG_WARN__DUPLICATE_METHOD_MATCH = YES;
				CODE_SIGN_IDENTITY = "-";
				COPY_PHASE_STRIP = NO;
				DEBUG_INFORMATION_FORMAT = dwarf;
				ENABLE_STRICT_OBJC_MSGSEND = YES;
				ENABLE_TESTABILITY = YES;
				GCC_C_LANGUAGE_STANDARD = gnu99;
				GCC_DYNAMIC_NO_PIC = NO;
				GCC_NO_COMMON_BLOCKS = YES;
				GCC_OPTIMIZATION_LEVEL = 0;
				GCC_PREPROCESSOR_DEFINITIONS = (
					"DEBUG=1",
					"$(inherited)",
				);
				GCC_WARN_64_TO_32_BIT_CONVERSION = YES;
				GCC_WARN_ABOUT_RETURN_TYPE = YES_ERROR;
				GCC_WARN_UNDECLARED_SELECTOR = YES;
				GCC_WARN_UNINITIALIZED_AUTOS = YES_AGGRESSIVE;
				GCC_WARN_UNUSED_FUNCTION = YES;
				GCC_WARN_UNUSED_VARIABLE = YES;
				MACOSX_DEPLOYMENT_TARGET = 10.10;
				MTL_ENABLE_DEBUG_INFO = YES;
				ONLY_ACTIVE_ARCH = YES;
				SDKROOT = macosx;
			};
			name = Debug;
		};
		48E43F171C0CB58700698574 /* Release */ = {
			isa = XCBuildConfiguration;
			buildSettings = {
				ALWAYS_SEARCH_USER_PATHS = NO;
				CLANG_CXX_LANGUAGE_STANDARD = "gnu++0x";
				CLANG_CXX_LIBRARY = "libc++";
				CLANG_ENABLE_MODULES = YES;
				CLANG_ENABLE_OBJC_ARC = YES;
				CLANG_WARN_BOOL_CONVERSION = YES;
				CLANG_WARN_CONSTANT_CONVERSION = YES;
				CLANG_WARN_DIRECT_OBJC_ISA_USAGE = YES_ERROR;
				CLANG_WARN_EMPTY_BODY = YES;
				CLANG_WARN_ENUM_CONVERSION = YES;
				CLANG_WARN_INT_CONVERSION = YES;
				CLANG_WARN_OBJC_ROOT_CLASS = YES_ERROR;
				CLANG_WARN_UNREACHABLE_CODE = YES;
				CLANG_WARN__DUPLICATE_METHOD_MATCH = YES;
				CODE_SIGN_IDENTITY = "-";
				COPY_PHASE_STRIP = NO;
				DEBUG_INFORMATION_FORMAT = "dwarf-with-dsym";
				ENABLE_NS_ASSERTIONS = NO;
				ENABLE_STRICT_OBJC_MSGSEND = YES;
				GCC_C_LANGUAGE_STANDARD = gnu99;
				GCC_NO_COMMON_BLOCKS = YES;
				GCC_WARN_64_TO_32_BIT_CONVERSION = YES;
				GCC_WARN_ABOUT_RETURN_TYPE = YES_ERROR;
				GCC_WARN_UNDECLARED_SELECTOR = YES;
				GCC_WARN_UNINITIALIZED_AUTOS = YES_AGGRESSIVE;
				GCC_WARN_UNUSED_FUNCTION = YES;
				GCC_WARN_UNUSED_VARIABLE = YES;
				MACOSX_DEPLOYMENT_TARGET = 10.10;
				MTL_ENABLE_DEBUG_INFO = NO;
				SDKROOT = macosx;
			};
			name = Release;
		};
		48E43F191C0CB58700698574 /* Debug */ = {
			isa = XCBuildConfiguration;
			buildSettings = {
				ASSETCATALOG_COMPILER_APPICON_NAME = AppIcon;
				COMBINE_HIDPI_IMAGES = YES;
				INFOPLIST_FILE = "El-Cap-Drawing/Info.plist";
				LD_RUNPATH_SEARCH_PATHS = "$(inherited) @executable_path/../Frameworks";
				PRODUCT_BUNDLE_IDENTIFIER = "com.sheepsystems.El-Cap-Drawing";
				PRODUCT_NAME = "$(TARGET_NAME)";
			};
			name = Debug;
		};
		48E43F1A1C0CB58700698574 /* Release */ = {
			isa = XCBuildConfiguration;
			buildSettings = {
				ASSETCATALOG_COMPILER_APPICON_NAME = AppIcon;
				COMBINE_HIDPI_IMAGES = YES;
				INFOPLIST_FILE = "El-Cap-Drawing/Info.plist";
				LD_RUNPATH_SEARCH_PATHS = "$(inherited) @executable_path/../Frameworks";
				PRODUCT_BUNDLE_IDENTIFIER = "com.sheepsystems.El-Cap-Drawing";
				PRODUCT_NAME = "$(TARGET_NAME)";
			};
			name = Release;
		};
/* End XCBuildConfiguration section */

/* Begin XCConfigurationList section */
		48E43F021C0CB58700698574 /* Build configuration list for PBXProject "El-Cap-Drawing" */ = {
			isa = XCConfigurationList;
			buildConfigurations = (
				48E43F161C0CB58700698574 /* Debug */,
				48E43F171C0CB58700698574 /* Release */,
			);
			defaultConfigurationIsVisible = 0;
			defaultConfigurationName = Release;
		};
		48E43F181C0CB58700698574 /* Build configuration list for PBXNativeTarget "El-Cap-Drawing" */ = {
			isa = XCConfigurationList;
			buildConfigurations = (
				48E43F191C0CB58700698574 /* Debug */,
				48E43F1A1C0CB58700698574 /* Release */,
			);
			defaultConfigurationIsVisible = 0;
		};
/* End XCConfigurationList section */
	};
	rootObject = 48E43EFF1C0CB58700698574 /* Project object */;
}
